
Microsoft Visual Studio Solution File, Format Version 12.00
# Visual Studio Version 16
VisualStudioVersion = 25.0.1700.0
MinimumVisualStudioVersion = 10.0.40219.1
Project("{FAE04EC0-301F-11D3-BF4B-00C04F79EFBC}") = "ProgramService", "ProgramService\ProgramService.csproj", "{E4A9475C-D35A-4954-8685-3BBA32C2E4D9}"
EndProject
Global
	GlobalSection(SolutionConfigurationPlatforms) = preSolution
		Debug|Any CPU = Debug|Any CPU
		Release|Any CPU = Release|Any CPU
	EndGlobalSection
	GlobalSection(ProjectConfigurationPlatforms) = postSolution
		{E4A9475C-D35A-4954-8685-3BBA32C2E4D9}.Debug|Any CPU.ActiveCfg = Debug|Any CPU
		{E4A9475C-D35A-4954-8685-3BBA32C2E4D9}.Debug|Any CPU.Build.0 = Debug|Any CPU
		{E4A9475C-D35A-4954-8685-3BBA32C2E4D9}.Release|Any CPU.ActiveCfg = Release|Any CPU
		{E4A9475C-D35A-4954-8685-3BBA32C2E4D9}.Release|Any CPU.Build.0 = Release|Any CPU
	EndGlobalSection
	GlobalSection(SolutionProperties) = preSolution
		HideSolutionNode = FALSE
	EndGlobalSection
	GlobalSection(ExtensibilityGlobals) = postSolution
		SolutionGuid = {56584AF5-617F-40E1-BA5E-1E2E7370E7AD}
	EndGlobalSection
EndGlobal
